[[package]]
name = "certifi"
version = "2021.10.8"
summary = "Python package for providing Mozilla's CA Bundle."

[[package]]
name = "chardet"
version = "3.0.4"
summary = "Universal encoding detector for Python 2 and 3"

[[package]]
name = "cheroot"
version = "8.6.0"
requires_python = "!=3.0.*,!=3.1.*,!=3.2.*,!=3.3.*,>=2.7"
summary = "Highly-optimized, pure-python HTTP server"
dependencies = [
    "jaraco.functools",
    "more-itertools>=2.6; python_version >= \"3.6\"",
    "six>=1.11.0",
]

[[package]]
name = "cherrypy"
version = "18.1.2"
requires_python = ">=3.5"
summary = "Object-Oriented HTTP framework"
dependencies = [
    "cheroot>=6.2.4",
    "more-itertools",
    "portend>=2.1.1",
    "pywin32; sys_platform == \"win32\"",
    "zc.lockfile",
]

[[package]]
name = "click"
version = "8.0.3"
requires_python = ">=3.6"
summary = "Composable command line interface toolkit"
dependencies = [
    "colorama; platform_system == \"Windows\"",
]

[[package]]
name = "colorama"
version = "0.4.4"
requires_python = ">=2.7, !=3.0.*, !=3.1.*, !=3.2.*, !=3.3.*, !=3.4.*"
summary = "Cross-platform colored terminal text."

[[package]]
name = "flask"
version = "1.0.3"
summary = "A simple framework for building complex web applications."
dependencies = [
    "Jinja2>=2.10",
    "Werkzeug>=0.14",
    "click>=5.1",
    "itsdangerous>=0.24",
]

[[package]]
name = "idna"
version = "2.8"
summary = "Internationalized Domain Names in Applications (IDNA)"

[[package]]
name = "itsdangerous"
version = "2.0.1"
requires_python = ">=3.6"
summary = "Safely pass data to untrusted environments and back."

[[package]]
name = "jaraco.functools"
version = "3.5.0"
requires_python = ">=3.7"
summary = "Functools like those found in stdlib"
dependencies = [
    "more-itertools",
]

[[package]]
name = "Jinja2"
version = "3.0.3"
requires_python = ">=3.6"
summary = "A very fast and expressive template engine."
dependencies = [
    "MarkupSafe>=2.0",
]

[[package]]
name = "MarkupSafe"
version = "2.0.1"
requires_python = ">=3.6"
summary = "Safely add untrusted strings to HTML/XML markup."

[[package]]
name = "more-itertools"
version = "8.12.0"
requires_python = ">=3.5"
summary = "More routines for operating on iterables, beyond itertools"

[[package]]
name = "portend"
version = "3.1.0"
requires_python = ">=3.7"
summary = "TCP port monitoring and discovery"
dependencies = [
    "tempora>=1.8",
]

[[package]]
name = "pyspellchecker"
version = "0.6.2"
summary = "Pure python spell checker based on work by Peter Norvig"

[[package]]
name = "pytz"
version = "2021.3"
summary = "World timezone definitions, modern and historical"

[[package]]
name = "pywin32"
version = "303"
summary = "Python for Window Extensions"

[[package]]
name = "requests"
version = "2.22.0"
requires_python = ">=2.7, !=3.0.*, !=3.1.*, !=3.2.*, !=3.3.*, !=3.4.*"
summary = "Python HTTP for Humans."
dependencies = [
    "certifi>=2017.4.17",
    "chardet<3.1.0,>=3.0.2",
    "idna<2.9,>=2.5",
    "urllib3!=1.25.0,!=1.25.1,<1.26,>=1.21.1",
]

[[package]]
name = "setuptools"
version = "60.3.1"
requires_python = ">=3.7"
summary = "Easily download, build, install, upgrade, and uninstall Python packages"

[[package]]
name = "six"
version = "1.16.0"
requires_python = ">=2.7, !=3.0.*, !=3.1.*, !=3.2.*"
summary = "Python 2 and 3 compatibility utilities"

[[package]]
name = "tempora"
version = "4.1.2"
requires_python = ">=3.6"
summary = "Objects and routines pertaining to date and time (tempora)"
dependencies = [
    "jaraco.functools>=1.20",
    "pytz",
]

[[package]]
name = "urllib3"
version = "1.25.11"
requires_python = ">=2.7, !=3.0.*, !=3.1.*, !=3.2.*, !=3.3.*, !=3.4.*, <4"
summary = "HTTP library with thread-safe connection pooling, file post, and more."

[[package]]
name = "Werkzeug"
version = "2.0.2"
requires_python = ">=3.6"
summary = "The comprehensive WSGI web application library."

[[package]]
name = "zc.lockfile"
version = "2.0"
summary = "Basic inter-process locks"
dependencies = [
    "setuptools",
]

[metadata]
lock_version = "3.1"
content_hash = "sha256:02d8d077c9c4aee6c6ea32308d14812a05707d63629f58e45b85b9d39d9f6252"

[metadata.files]
"certifi 2021.10.8" = [
    {file = "certifi-2021.10.8-py2.py3-none-any.whl", hash = "sha256:d62a0163eb4c2344ac042ab2bdf75399a71a2d8c7d47eac2e2ee91b9d6339569"},
    {file = "certifi-2021.10.8.tar.gz", hash = "sha256:78884e7c1d4b00ce3cea67b44566851c4343c120abd683433ce934a68ea58872"},
]
"chardet 3.0.4" = [
    {file = "chardet-3.0.4-py2.py3-none-any.whl", hash = "sha256:fc323ffcaeaed0e0a02bf4d117757b98aed530d9ed4531e3e15460124c106691"},
    {file = "chardet-3.0.4.tar.gz", hash = "sha256:84ab92ed1c4d4f16916e05906b6b75a6c0fb5db821cc65e70cbd64a3e2a5eaae"},
]
"cheroot 8.6.0" = [
    {file = "cheroot-8.6.0-py2.py3-none-any.whl", hash = "sha256:62cbced16f07e8aaf512673987cd6b1fc5ad00073345e9ed6c4e2a5cc2a3a22d"},
    {file = "cheroot-8.6.0.tar.gz", hash = "sha256:366adf6e7cac9555486c2d1be6297993022eff6f8c4655c1443268cca3f08e25"},
]
"cherrypy 18.1.2" = [
    {file = "CherryPy-18.1.2-py2.py3-none-any.whl", hash = "sha256:641b51570158dd301da5d569085c04fe7f2cc98474d103f8137d8dbe36b2f6e7"},
    {file = "CherryPy-18.1.2.tar.gz", hash = "sha256:48de31ba3db04c5354a0fcf8acf21a9c5190380013afca746d50237c9ebe70f0"},
]
"click 8.0.3" = [
    {file = "click-8.0.3-py3-none-any.whl", hash = "sha256:353f466495adaeb40b6b5f592f9f91cb22372351c84caeb068132442a4518ef3"},
    {file = "click-8.0.3.tar.gz", hash = "sha256:410e932b050f5eed773c4cda94de75971c89cdb3155a72a0831139a79e5ecb5b"},
]
"colorama 0.4.4" = [
    {file = "colorama-0.4.4-py2.py3-none-any.whl", hash = "sha256:9f47eda37229f68eee03b24b9748937c7dc3868f906e8ba69fbcbdd3bc5dc3e2"},
    {file = "colorama-0.4.4.tar.gz", hash = "sha256:5941b2b48a20143d2267e95b1c2a7603ce057ee39fd88e7329b0c292aa16869b"},
]
"flask 1.0.3" = [
    {file = "Flask-1.0.3-py2.py3-none-any.whl", hash = "sha256:e7d32475d1de5facaa55e3958bc4ec66d3762076b074296aa50ef8fdc5b9df61"},
    {file = "Flask-1.0.3.tar.gz", hash = "sha256:ad7c6d841e64296b962296c2c2dabc6543752985727af86a975072dea984b6f3"},
]
"idna 2.8" = [
    {file = "idna-2.8-py2.py3-none-any.whl", hash = "sha256:ea8b7f6188e6fa117537c3df7da9fc686d485087abf6ac197f9c46432f7e4a3c"},
    {file = "idna-2.8.tar.gz", hash = "sha256:c357b3f628cf53ae2c4c05627ecc484553142ca23264e593d327bcde5e9c3407"},
]
"itsdangerous 2.0.1" = [
    {file = "itsdangerous-2.0.1-py3-none-any.whl", hash = "sha256:5174094b9637652bdb841a3029700391451bd092ba3db90600dea710ba28e97c"},
    {file = "itsdangerous-2.0.1.tar.gz", hash = "sha256:9e724d68fc22902a1435351f84c3fb8623f303fffcc566a4cb952df8c572cff0"},
]
"jaraco.functools 3.5.0" = [
    {file = "jaraco.functools-3.5.0-py3-none-any.whl", hash = "sha256:141f95c490a18eb8aab86caf7a2728f02f604988a26dc36652e3d9fa9e4c49fa"},
    {file = "jaraco.functools-3.5.0.tar.gz", hash = "sha256:31e0e93d1027592b7b0bec6ad468db850338981ebee76ba5e212e235f4c7dda0"},
]
"jinja2 3.0.3" = [
    {file = "Jinja2-3.0.3-py3-none-any.whl", hash = "sha256:077ce6014f7b40d03b47d1f1ca4b0fc8328a692bd284016f806ed0eaca390ad8"},
    {file = "Jinja2-3.0.3.tar.gz", hash = "sha256:611bb273cd68f3b993fabdc4064fc858c5b47a973cb5aa7999ec1ba405c87cd7"},
]
"markupsafe 2.0.1" = [
    {file = "MarkupSafe-2.0.1-cp310-cp310-macosx_10_9_universal2.whl", hash = "sha256:d8446c54dc28c01e5a2dbac5a25f071f6653e6e40f3a8818e8b45d790fe6ef53"},
    {file = "MarkupSafe-2.0.1-cp310-cp310-macosx_10_9_x86_64.whl", hash = "sha256:36bc903cbb393720fad60fc28c10de6acf10dc6cc883f3e24ee4012371399a38"},
    {file = "MarkupSafe-2.0.1-cp310-cp310-manylinux_2_17_aarch64.manylinux2014_aarch64.whl", hash = "sha256:2d7d807855b419fc2ed3e631034685db6079889a1f01d5d9dac950f764da3dad"},
    {file = "MarkupSafe-2.0.1-cp310-cp310-manylinux_2_5_i686.manylinux1_i686.manylinux_2_12_i686.manylinux2010_i686.whl", hash = "sha256:add36cb2dbb8b736611303cd3bfcee00afd96471b09cda130da3581cbdc56a6d"},
    {file = "MarkupSafe-2.0.1-cp310-cp310-manylinux_2_5_x86_64.manylinux1_x86_64.manylinux_2_12_x86_64.manylinux2010_x86_64.whl", hash = "sha256:168cd0a3642de83558a5153c8bd34f175a9a6e7f6dc6384b9655d2697312a646"},
    {file = "MarkupSafe-2.0.1-cp310-cp310-musllinux_1_1_aarch64.whl", hash = "sha256:4dc8f9fb58f7364b63fd9f85013b780ef83c11857ae79f2feda41e270468dd9b"},
    {file = "MarkupSafe-2.0.1-cp310-cp310-musllinux_1_1_i686.whl", hash = "sha256:20dca64a3ef2d6e4d5d615a3fd418ad3bde77a47ec8a23d984a12b5b4c74491a"},
    {file = "MarkupSafe-2.0.1-cp310-cp310-musllinux_1_1_x86_64.whl", hash = "sha256:cdfba22ea2f0029c9261a4bd07e830a8da012291fbe44dc794e488b6c9bb353a"},
    {file = "MarkupSafe-2.0.1-cp310-cp310-win32.whl", hash = "sha256:99df47edb6bda1249d3e80fdabb1dab8c08ef3975f69aed437cb69d0a5de1e28"},
    {file = "MarkupSafe-2.0.1-cp310-cp310-win_amd64.whl", hash = "sha256:e0f138900af21926a02425cf736db95be9f4af72ba1bb21453432a07f6082134"},
    {file = "MarkupSafe-2.0.1-cp36-cp36m-macosx_10_9_x86_64.whl", hash = "sha256:f9081981fe268bd86831e5c75f7de206ef275defcb82bc70740ae6dc507aee51"},
    {file = "MarkupSafe-2.0.1-cp36-cp36m-manylinux1_i686.whl", hash = "sha256:0955295dd5eec6cb6cc2fe1698f4c6d84af2e92de33fbcac4111913cd100a6ff"},
    {file = "MarkupSafe-2.0.1-cp36-cp36m-manylinux1_x86_64.whl", hash = "sha256:0446679737af14f45767963a1a9ef7620189912317d095f2d9ffa183a4d25d2b"},
    {file = "MarkupSafe-2.0.1-cp36-cp36m-manylinux2010_i686.whl", hash = "sha256:f826e31d18b516f653fe296d967d700fddad5901ae07c622bb3705955e1faa94"},
    {file = "MarkupSafe-2.0.1-cp36-cp36m-manylinux2010_x86_64.whl", hash = "sha256:fa130dd50c57d53368c9d59395cb5526eda596d3ffe36666cd81a44d56e48872"},
    {file = "MarkupSafe-2.0.1-cp36-cp36m-manylinux2014_aarch64.whl", hash = "sha256:905fec760bd2fa1388bb5b489ee8ee5f7291d692638ea5f67982d968366bef9f"},
    {file = "MarkupSafe-2.0.1-cp36-cp36m-manylinux_2_17_aarch64.manylinux2014_aarch64.whl", hash = "sha256:bf5d821ffabf0ef3533c39c518f3357b171a1651c1ff6827325e4489b0e46c3c"},
    {file = "MarkupSafe-2.0.1-cp36-cp36m-manylinux_2_5_i686.manylinux1_i686.manylinux_2_12_i686.manylinux2010_i686.whl", hash = "sha256:0d4b31cc67ab36e3392bbf3862cfbadac3db12bdd8b02a2731f509ed5b829724"},
    {file = "MarkupSafe-2.0.1-cp36-cp36m-manylinux_2_5_x86_64.manylinux1_x86_64.manylinux_2_12_x86_64.manylinux2010_x86_64.whl", hash = "sha256:baa1a4e8f868845af802979fcdbf0bb11f94f1cb7ced4c4b8a351bb60d108145"},
    {file = "MarkupSafe-2.0.1-cp36-cp36m-musllinux_1_1_aarch64.whl", hash = "sha256:deb993cacb280823246a026e3b2d81c493c53de6acfd5e6bfe31ab3402bb37dd"},
    {file = "MarkupSafe-2.0.1-cp36-cp36m-musllinux_1_1_i686.whl", hash = "sha256:63f3268ba69ace99cab4e3e3b5840b03340efed0948ab8f78d2fd87ee5442a4f"},
    {file = "MarkupSafe-2.0.1-cp36-cp36m-musllinux_1_1_x86_64.whl", hash = "sha256:8d206346619592c6200148b01a2142798c989edcb9c896f9ac9722a99d4e77e6"},
    {file = "MarkupSafe-2.0.1-cp36-cp36m-win32.whl", hash = "sha256:6c4ca60fa24e85fe25b912b01e62cb969d69a23a5d5867682dd3e80b5b02581d"},
    {file = "MarkupSafe-2.0.1-cp36-cp36m-win_amd64.whl", hash = "sha256:b2f4bf27480f5e5e8ce285a8c8fd176c0b03e93dcc6646477d4630e83440c6a9"},
    {file = "MarkupSafe-2.0.1-cp37-cp37m-macosx_10_9_x86_64.whl", hash = "sha256:0717a7390a68be14b8c793ba258e075c6f4ca819f15edfc2a3a027c823718567"},
    {file = "MarkupSafe-2.0.1-cp37-cp37m-manylinux1_i686.whl", hash = "sha256:6557b31b5e2c9ddf0de32a691f2312a32f77cd7681d8af66c2692efdbef84c18"},
    {file = "MarkupSafe-2.0.1-cp37-cp37m-manylinux1_x86_64.whl", hash = "sha256:49e3ceeabbfb9d66c3aef5af3a60cc43b85c33df25ce03d0031a608b0a8b2e3f"},
    {file = "MarkupSafe-2.0.1-cp37-cp37m-manylinux2010_i686.whl", hash = "sha256:d7f9850398e85aba693bb640262d3611788b1f29a79f0c93c565694658f4071f"},
    {file = "MarkupSafe-2.0.1-cp37-cp37m-manylinux2010_x86_64.whl", hash = "sha256:6a7fae0dd14cf60ad5ff42baa2e95727c3d81ded453457771d02b7d2b3f9c0c2"},
    {file = "MarkupSafe-2.0.1-cp37-cp37m-manylinux2014_aarch64.whl", hash = "sha256:b7f2d075102dc8c794cbde1947378051c4e5180d52d276987b8d28a3bd58c17d"},
    {file = "MarkupSafe-2.0.1-cp37-cp37m-manylinux_2_17_aarch64.manylinux2014_aarch64.whl", hash = "sha256:e9936f0b261d4df76ad22f8fee3ae83b60d7c3e871292cd42f40b81b70afae85"},
    {file = "MarkupSafe-2.0.1-cp37-cp37m-manylinux_2_5_i686.manylinux1_i686.manylinux_2_12_i686.manylinux2010_i686.whl", hash = "sha256:2a7d351cbd8cfeb19ca00de495e224dea7e7d919659c2841bbb7f420ad03e2d6"},
    {file = "MarkupSafe-2.0.1-cp37-cp37m-manylinux_2_5_x86_64.manylinux1_x86_64.manylinux_2_12_x86_64.manylinux2010_x86_64.whl", hash = "sha256:60bf42e36abfaf9aff1f50f52644b336d4f0a3fd6d8a60ca0d054ac9f713a864"},
    {file = "MarkupSafe-2.0.1-cp37-cp37m-musllinux_1_1_aarch64.whl", hash = "sha256:d6c7ebd4e944c85e2c3421e612a7057a2f48d478d79e61800d81468a8d842207"},
    {file = "MarkupSafe-2.0.1-cp37-cp37m-musllinux_1_1_i686.whl", hash = "sha256:f0567c4dc99f264f49fe27da5f735f414c4e7e7dd850cfd8e69f0862d7c74ea9"},
    {file = "MarkupSafe-2.0.1-cp37-cp37m-musllinux_1_1_x86_64.whl", hash = "sha256:89c687013cb1cd489a0f0ac24febe8c7a666e6e221b783e53ac50ebf68e45d86"},
    {file = "MarkupSafe-2.0.1-cp37-cp37m-win32.whl", hash = "sha256:a30e67a65b53ea0a5e62fe23682cfe22712e01f453b95233b25502f7c61cb415"},
    {file = "MarkupSafe-2.0.1-cp37-cp37m-win_amd64.whl", hash = "sha256:611d1ad9a4288cf3e3c16014564df047fe08410e628f89805e475368bd304914"},
    {file = "MarkupSafe-2.0.1-cp38-cp38-macosx_10_9_universal2.whl", hash = "sha256:5bb28c636d87e840583ee3adeb78172efc47c8b26127267f54a9c0ec251d41a9"},
    {file = "MarkupSafe-2.0.1-cp38-cp38-macosx_10_9_x86_64.whl", hash = "sha256:be98f628055368795d818ebf93da628541e10b75b41c559fdf36d104c5787066"},
    {file = "MarkupSafe-2.0.1-cp38-cp38-manylinux1_i686.whl", hash = "sha256:1d609f577dc6e1aa17d746f8bd3c31aa4d258f4070d61b2aa5c4166c1539de35"},
    {file = "MarkupSafe-2.0.1-cp38-cp38-manylinux1_x86_64.whl", hash = "sha256:7d91275b0245b1da4d4cfa07e0faedd5b0812efc15b702576d103293e252af1b"},
    {file = "MarkupSafe-2.0.1-cp38-cp38-manylinux2010_i686.whl", hash = "sha256:01a9b8ea66f1658938f65b93a85ebe8bc016e6769611be228d797c9d998dd298"},
    {file = "MarkupSafe-2.0.1-cp38-cp38-manylinux2010_x86_64.whl", hash = "sha256:47ab1e7b91c098ab893b828deafa1203de86d0bc6ab587b160f78fe6c4011f75"},
    {file = "MarkupSafe-2.0.1-cp38-cp38-manylinux2014_aarch64.whl", hash = "sha256:97383d78eb34da7e1fa37dd273c20ad4320929af65d156e35a5e2d89566d9dfb"},
    {file = "MarkupSafe-2.0.1-cp38-cp38-manylinux_2_17_aarch64.manylinux2014_aarch64.whl", hash = "sha256:6fcf051089389abe060c9cd7caa212c707e58153afa2c649f00346ce6d260f1b"},
    {file = "MarkupSafe-2.0.1-cp38-cp38-manylinux_2_5_i686.manylinux1_i686.manylinux_2_12_i686.manylinux2010_i686.whl", hash = "sha256:5855f8438a7d1d458206a2466bf82b0f104a3724bf96a1c781ab731e4201731a"},
    {file = "MarkupSafe-2.0.1-cp38-cp38-manylinux_2_5_x86_64.manylinux1_x86_64.manylinux_2_12_x86_64.manylinux2010_x86_64.whl", hash = "sha256:3dd007d54ee88b46be476e293f48c85048603f5f516008bee124ddd891398ed6"},
    {file = "MarkupSafe-2.0.1-cp38-cp38-musllinux_1_1_aarch64.whl", hash = "sha256:aca6377c0cb8a8253e493c6b451565ac77e98c2951c45f913e0b52facdcff83f"},
    {file = "MarkupSafe-2.0.1-cp38-cp38-musllinux_1_1_i686.whl", hash = "sha256:04635854b943835a6ea959e948d19dcd311762c5c0c6e1f0e16ee57022669194"},
    {file = "MarkupSafe-2.0.1-cp38-cp38-musllinux_1_1_x86_64.whl", hash = "sha256:6300b8454aa6930a24b9618fbb54b5a68135092bc666f7b06901f897fa5c2fee"},
    {file = "MarkupSafe-2.0.1-cp38-cp38-win32.whl", hash = "sha256:023cb26ec21ece8dc3907c0e8320058b2e0cb3c55cf9564da612bc325bed5e64"},
    {file = "MarkupSafe-2.0.1-cp38-cp38-win_amd64.whl", hash = "sha256:984d76483eb32f1bcb536dc27e4ad56bba4baa70be32fa87152832cdd9db0833"},
    {file = "MarkupSafe-2.0.1-cp39-cp39-macosx_10_9_universal2.whl", hash = "sha256:2ef54abee730b502252bcdf31b10dacb0a416229b72c18b19e24a4509f273d26"},
    {file = "MarkupSafe-2.0.1-cp39-cp39-macosx_10_9_x86_64.whl", hash = "sha256:3c112550557578c26af18a1ccc9e090bfe03832ae994343cfdacd287db6a6ae7"},
    {file = "MarkupSafe-2.0.1-cp39-cp39-manylinux1_i686.whl", hash = "sha256:53edb4da6925ad13c07b6d26c2a852bd81e364f95301c66e930ab2aef5b5ddd8"},
    {file = "MarkupSafe-2.0.1-cp39-cp39-manylinux1_x86_64.whl", hash = "sha256:f5653a225f31e113b152e56f154ccbe59eeb1c7487b39b9d9f9cdb58e6c79dc5"},
    {file = "MarkupSafe-2.0.1-cp39-cp39-manylinux2010_i686.whl", hash = "sha256:4efca8f86c54b22348a5467704e3fec767b2db12fc39c6d963168ab1d3fc9135"},
    {file = "MarkupSafe-2.0.1-cp39-cp39-manylinux2010_x86_64.whl", hash = "sha256:ab3ef638ace319fa26553db0624c4699e31a28bb2a835c5faca8f8acf6a5a902"},
    {file = "MarkupSafe-2.0.1-cp39-cp39-manylinux2014_aarch64.whl", hash = "sha256:f8ba0e8349a38d3001fae7eadded3f6606f0da5d748ee53cc1dab1d6527b9509"},
    {file = "MarkupSafe-2.0.1-cp39-cp39-manylinux_2_17_aarch64.manylinux2014_aarch64.whl", hash = "sha256:c47adbc92fc1bb2b3274c4b3a43ae0e4573d9fbff4f54cd484555edbf030baf1"},
    {file = "MarkupSafe-2.0.1-cp39-cp39-manylinux_2_5_i686.manylinux1_i686.manylinux_2_12_i686.manylinux2010_i686.whl", hash = "sha256:37205cac2a79194e3750b0af2a5720d95f786a55ce7df90c3af697bfa100eaac"},
    {file = "MarkupSafe-2.0.1-cp39-cp39-manylinux_2_5_x86_64.manylinux1_x86_64.manylinux_2_12_x86_64.manylinux2010_x86_64.whl", hash = "sha256:1f2ade76b9903f39aa442b4aadd2177decb66525062db244b35d71d0ee8599b6"},
    {file = "MarkupSafe-2.0.1-cp39-cp39-musllinux_1_1_aarch64.whl", hash = "sha256:4296f2b1ce8c86a6aea78613c34bb1a672ea0e3de9c6ba08a960efe0b0a09047"},
    {file = "MarkupSafe-2.0.1-cp39-cp39-musllinux_1_1_i686.whl", hash = "sha256:9f02365d4e99430a12647f09b6cc8bab61a6564363f313126f775eb4f6ef798e"},
    {file = "MarkupSafe-2.0.1-cp39-cp39-musllinux_1_1_x86_64.whl", hash = "sha256:5b6d930f030f8ed98e3e6c98ffa0652bdb82601e7a016ec2ab5d7ff23baa78d1"},
    {file = "MarkupSafe-2.0.1-cp39-cp39-win32.whl", hash = "sha256:10f82115e21dc0dfec9ab5c0223652f7197feb168c940f3ef61563fc2d6beb74"},
    {file = "MarkupSafe-2.0.1-cp39-cp39-win_amd64.whl", hash = "sha256:693ce3f9e70a6cf7d2fb9e6c9d8b204b6b39897a2c4a1aa65728d5ac97dcc1d8"},
    {file = "MarkupSafe-2.0.1.tar.gz", hash = "sha256:594c67807fb16238b30c44bdf74f36c02cdf22d1c8cda91ef8a0ed8dabf5620a"},
]
"more-itertools 8.12.0" = [
    {file = "more_itertools-8.12.0-py3-none-any.whl", hash = "sha256:43e6dd9942dffd72661a2c4ef383ad7da1e6a3e968a927ad7a6083ab410a688b"},
    {file = "more-itertools-8.12.0.tar.gz", hash = "sha256:7dc6ad46f05f545f900dd59e8dfb4e84a4827b97b3cfecb175ea0c7d247f6064"},
]
"portend 3.1.0" = [
    {file = "portend-3.1.0-py3-none-any.whl", hash = "sha256:9e735cee3a5c1961f09e3f3ba6dc498198c2d70b473d98d0d1504b8d1e7a3d61"},
    {file = "portend-3.1.0.tar.gz", hash = "sha256:239e3116045ea823f6df87d6168107ad75ccc0590e37242af0cc1e98c5d224e4"},
]
"pyspellchecker 0.6.2" = [
    {file = "pyspellchecker-0.6.2-py3-none-any.whl", hash = "sha256:218759d4166fd49dee5c0473da99792d9274aca495ded0d9594a0bd75e2831ca"},
    {file = "pyspellchecker-0.6.2.tar.gz", hash = "sha256:af6a1d0393a175499475a873f31e52135f1efd5fc912c979101b795b3c2ee77f"},
]
"pytz 2021.3" = [
    {file = "pytz-2021.3-py2.py3-none-any.whl", hash = "sha256:3672058bc3453457b622aab7a1c3bfd5ab0bdae451512f6cf25f64ed37f5b87c"},
    {file = "pytz-2021.3.tar.gz", hash = "sha256:acad2d8b20a1af07d4e4c9d2e9285c5ed9104354062f275f3fcd88dcef4f1326"},
]
"pywin32 303" = [
    {file = "pywin32-303-cp310-cp310-win32.whl", hash = "sha256:6fed4af057039f309263fd3285d7b8042d41507343cd5fa781d98fcc5b90e8bb"},
    {file = "pywin32-303-cp310-cp310-win_amd64.whl", hash = "sha256:51cb52c5ec6709f96c3f26e7795b0bf169ee0d8395b2c1d7eb2c029a5008ed51"},
    {file = "pywin32-303-cp311-cp311-win32.whl", hash = "sha256:d9b5d87ca944eb3aa4cd45516203ead4b37ab06b8b777c54aedc35975dec0dee"},
    {file = "pywin32-303-cp311-cp311-win_amd64.whl", hash = "sha256:fcf44032f5b14fcda86028cdf49b6ebdaea091230eb0a757282aa656e4732439"},
    {file = "pywin32-303-cp36-cp36m-win32.whl", hash = "sha256:aad484d52ec58008ca36bd4ad14a71d7dd0a99db1a4ca71072213f63bf49c7d9"},
    {file = "pywin32-303-cp36-cp36m-win_amd64.whl", hash = "sha256:2a09632916b6bb231ba49983fe989f2f625cea237219530e81a69239cd0c4559"},
    {file = "pywin32-303-cp37-cp37m-win32.whl", hash = "sha256:b1675d82bcf6dbc96363fca747bac8bff6f6e4a447a4287ac652aa4b9adc796e"},
    {file = "pywin32-303-cp37-cp37m-win_amd64.whl", hash = "sha256:c268040769b48a13367221fced6d4232ed52f044ffafeda247bd9d2c6bdc29ca"},
    {file = "pywin32-303-cp38-cp38-win32.whl", hash = "sha256:5f9ec054f5a46a0f4dfd72af2ce1372f3d5a6e4052af20b858aa7df2df7d355b"},
    {file = "pywin32-303-cp38-cp38-win_amd64.whl", hash = "sha256:793bf74fce164bcffd9d57bb13c2c15d56e43c9542a7b9687b4fccf8f8a41aba"},
    {file = "pywin32-303-cp39-cp39-win32.whl", hash = "sha256:7d3271c98434617a11921c5ccf74615794d97b079e22ed7773790822735cc352"},
    {file = "pywin32-303-cp39-cp39-win_amd64.whl", hash = "sha256:79cbb862c11b9af19bcb682891c1b91942ec2ff7de8151e2aea2e175899cda34"},
]
"requests 2.22.0" = [
    {file = "requests-2.22.0-py2.py3-none-any.whl", hash = "sha256:9cf5292fcd0f598c671cfc1e0d7d1a7f13bb8085e9a590f48c010551dc6c4b31"},
    {file = "requests-2.22.0.tar.gz", hash = "sha256:11e007a8a2aa0323f5a921e9e6a2d7e4e67d9877e85773fba9ba6419025cbeb4"},
]
"setuptools 60.3.1" = [
    {file = "setuptools-60.3.1-py3-none-any.whl", hash = "sha256:2932bfeb248c648dc411ea9714d5a6de7a33ef1a0db2f0fce644d8172b0479e8"},
    {file = "setuptools-60.3.1.tar.gz", hash = "sha256:2b62b3dbec1fe95585dadf3bd9a014c8c578624918190428c3a7994bb52ae2b8"},
]
"six 1.16.0" = [
    {file = "six-1.16.0-py2.py3-none-any.whl", hash = "sha256:8abb2f1d86890a2dfb989f9a77cfcfd3e47c2a354b01111771326f8aa26e0254"},
    {file = "six-1.16.0.tar.gz", hash = "sha256:1e61c37477a1626458e36f7b1d82aa5c9b094fa4802892072e49de9c60c4c926"},
]
"tempora 4.1.2" = [
    {file = "tempora-4.1.2-py3-none-any.whl", hash = "sha256:746ed6fd3529883d81a811fff41b9910ea57067fa84641aa6ecbefffb8322f6d"},
    {file = "tempora-4.1.2.tar.gz", hash = "sha256:fd6cafd66b01390d53a760349cf0b3123844ec6ae3d1043d7190473ea9459138"},
]
"urllib3 1.25.11" = [
    {file = "urllib3-1.25.11-py2.py3-none-any.whl", hash = "sha256:f5321fbe4bf3fefa0efd0bfe7fb14e90909eb62a48ccda331726b4319897dd5e"},
    {file = "urllib3-1.25.11.tar.gz", hash = "sha256:8d7eaa5a82a1cac232164990f04874c594c9453ec55eef02eab885aa02fc17a2"},
]
"werkzeug 2.0.2" = [
    {file = "Werkzeug-2.0.2-py3-none-any.whl", hash = "sha256:63d3dc1cf60e7b7e35e97fa9861f7397283b75d765afcaefd993d6046899de8f"},
    {file = "Werkzeug-2.0.2.tar.gz", hash = "sha256:aa2bb6fc8dee8d6c504c0ac1e7f5f7dc5810a9903e793b6f715a9f015bdadb9a"},
]
"zc.lockfile 2.0" = [
    {file = "zc.lockfile-2.0-py2.py3-none-any.whl", hash = "sha256:cc33599b549f0c8a248cb72f3bf32d77712de1ff7ee8814312eb6456b42c015f"},
    {file = "zc.lockfile-2.0.tar.gz", hash = "sha256:307ad78227e48be260e64896ec8886edc7eae22d8ec53e4d528ab5537a83203b"},
]
